{
  "name": "qesis-mcp",
  "version": "0.0.5",
  "lockfileVersion": 3,
  "requires": true,
  "packages": {
    "": {
      "name": "qesis-mcp",
      "version": "0.0.5",
      "dependencies": {
        "jszip": "^3.10.1",
        "next": "^14.0.0",
        "react": "^18.2.0",
        "react-dom": "^18.2.0"
      },
      "devDependencies": {
        "@types/jszip": "^3.7.0",
        "@types/node": "^20.0.0",
        "typescript": "^5.9.0"
      }
    }
  },
  "dependencies": {
    "jszip": {
      "version": "3.10.1",
      "resolved": "https://registry.npmjs.org/jszip/-/jszip-3.10.1.tgz",
      "integrity": "sha512-xHDtz0hqBOJeIBCKNzSWWhw9mpUPUPm0487vJlu36EB1050vQh9JnDNfc-IBP0xD4t00ED8/Y000rDc6wYwDQA=="
    },
    "next": {
      "version": "14.2.24",
      "resolved": "https://registry.npmjs.org/next/-/next-14.2.24.tgz",
      "integrity": "sha512-9jqICaEa3kUv5tQWv8C9vB9nL4wX0xR+K4rXN6D7F6JvC7L4x0D9KzE3A4n+WqV0P1J0H+l7Z2r89Q=="
    },
    "react": {
      "version": "18.3.1",
      "resolved": "https://registry.npmjs.org/react/-/react-18.3.1.tgz",
      "integrity": "sha512-wS+hAgJShR2KhEvPJq4qNkvnLcbEnjC9CWHWcuDSRs048XpVoznF3KR9DDECzjGMWmsm4USmgSIyGrWqDx3nWg=="
    },
    "react-dom": {
      "version": "18.3.1",
      "resolved": "https://registry.npmjs.org/react-dom/-/react-dom-18.3.1.tgz",
      "integrity": "sha512-RzWfvKwSjsCDAIvXWHAeiGqDlcqrCOnbuQGRL9uXCFugKHDvW9yYPzccxiNYgpKfcJeuOSvECZP10EzS+jMxaQ=="
    },
    "@types/node": {
      "version": "20.11.0",
      "resolved": "https://registry.npmjs.org/@types/node/-/node-20.11.0.tgz",
      "integrity": "sha512-MSHzTQmEIZCALNYz4qN3muuCRKNYU9L0fZABffYT9nEhoNAyrX0XW699XkjJmTMXgT8VzCvAcpWw9vSP9L4V5Q=="
    },
    "@types/jszip": {
      "version": "3.4.1",
      "resolved": "https://registry.npmjs.org/@types/jszip/-/@types/jszip-3.4.1.tgz",
      "integrity": "sha512-oWVC0rIQHCpykKrG3gXyL1A9Vj3B4z+lO8X2o8zXk2v1rUfW3zL9aA4k4Bw=="
    },
    "typescript": {
      "version": "5.3.3",
      "resolved": "https://registry.npmjs.org/typescript/-/typescript-5.3.3.tgz",
      "integrity": "sha512-0XCOcCUDWHkxfBCxOKxJgTqP95P5l6bXW9pX4rEEDqNqj32LwTUnV3G0b5v868d+W2N+Zg68n0Q=="
    }
  }
}